
Microsoft Visual Studio Solution File, Format Version 12.00
# Visual Studio Version 17
VisualStudioVersion = 17.10.34928.147
MinimumVisualStudioVersion = 10.0.40219.1
Project("{8BC9CEB8-8B4A-11D0-8D11-00A0C91BC942}") = "BigBrother", "BigBrother\BigBrother.vcxproj", "{D5FCF985-75CB-4CA3-8DCE-62599687B613}"
EndProject
Global
	GlobalSection(SolutionConfigurationPlatforms) = preSolution
		Debug|x64 = Debug|x64
		Debug|x86 = Debug|x86
		Release|x64 = Release|x64
		Release|x86 = Release|x86
	EndGlobalSection
	GlobalSection(ProjectConfigurationPlatforms) = postSolution
		{D5FCF985-75CB-4CA3-8DCE-62599687B613}.Debug|x64.ActiveCfg = Debug|x64
		{D5FCF985-75CB-4CA3-8DCE-62599687B613}.Debug|x64.Build.0 = Debug|x64
		{D5FCF985-75CB-4CA3-8DCE-62599687B613}.Debug|x86.ActiveCfg = Debug|Win32
		{D5FCF985-75CB-4CA3-8DCE-62599687B613}.Debug|x86.Build.0 = Debug|Win32
		{D5FCF985-75CB-4CA3-8DCE-62599687B613}.Release|x64.ActiveCfg = Release|x64
		{D5FCF985-75CB-4CA3-8DCE-62599687B613}.Release|x64.Build.0 = Release|x64
		{D5FCF985-75CB-4CA3-8DCE-62599687B613}.Release|x86.ActiveCfg = Release|Win32
		{D5FCF985-75CB-4CA3-8DCE-62599687B613}.Release|x86.Build.0 = Release|Win32
	EndGlobalSection
	GlobalSection(SolutionProperties) = preSolution
		HideSolutionNode = FALSE
	EndGlobalSection
	GlobalSection(ExtensibilityGlobals) = postSolution
		SolutionGuid = {6971A7BF-654D-485A-8911-149E9EE16502}
	EndGlobalSection
EndGlobal
